// !$*UTF8*$!
{
	archiveVersion = 1;
	classes = {
	};
	objectVersion = 50;
	objects = {

/* Begin PBXBuildFile section */
		33EFD6FE22CCC1DA00BC6E85 /* AppDelegate.m in Sources */ = {isa = PBXBuildFile; fileRef = 33EFD6FD22CCC1DA00BC6E85 /* AppDelegate.m */; };
		33EFD70122CCC1DA00BC6E85 /* ViewController.m in Sources */ = {isa = PBXBuildFile; fileRef = 33EFD70022CCC1DA00BC6E85 /* ViewController.m */; };
		33EFD70422CCC1DA00BC6E85 /* Main.storyboard in Resources */ = {isa = PBXBuildFile; fileRef = 33EFD70222CCC1DA00BC6E85 /* Main.storyboard */; };
		33EFD70622CCC1DC00BC6E85 /* Assets.xcassets in Resources */ = {isa = PBXBuildFile; fileRef = 33EFD70522CCC1DC00BC6E85 /* Assets.xcassets */; };
		33EFD70922CCC1DC00BC6E85 /* LaunchScreen.storyboard in Resources */ = {isa = PBXBuildFile; fileRef = 33EFD70722CCC1DC00BC6E85 /* LaunchScreen.storyboard */; };
		33EFD70C22CCC1DC00BC6E85 /* main.m in Sources */ = {isa = PBXBuildFile; fileRef = 33EFD70B22CCC1DC00BC6E85 /* main.m */; };
		33EFDA0B22CDD80900BC6E85 /* WLNavigationBar.m in Sources */ = {isa = PBXBuildFile; fileRef = 33EFDA0A22CDD80900BC6E85 /* WLNavigationBar.m */; };
		B4F649F6F28EBEBF6F69E4BE /* libPods-WLCustomNavigationBar.a in Frameworks */ = {isa = PBXBuildFile; fileRef = 683FE51C7D9CE56D0260DB05 /* libPods-WLCustomNavigationBar.a */; };
/* End PBXBuildFile section */

/* Begin PBXFileReference section */
		1A74C84FD8246CBF60C4BAA8 /* Pods-WLCustomNavigationBar.release.xcconfig */ = {isa = PBXFileReference; includeInIndex = 1; lastKnownFileType = text.xcconfig; name = "Pods-WLCustomNavigationBar.release.xcconfig"; path = "Target Support Files/Pods-WLCustomNavigationBar/Pods-WLCustomNavigationBar.release.xcconfig"; sourceTree = "<group>"; };
		33EFD6F922CCC1DA00BC6E85 /* WLCustomNavigationBar.app */ = {isa = PBXFileReference; explicitFileType = wrapper.application; includeInIndex = 0; path = WLCustomNavigationBar.app; sourceTree = BUILT_PRODUCTS_DIR; };
		33EFD6FC22CCC1DA00BC6E85 /* AppDelegate.h */ = {isa = PBXFileReference; lastKnownFileType = sourcecode.c.h; path = AppDelegate.h; sourceTree = "<group>"; };
		33EFD6FD22CCC1DA00BC6E85 /* AppDelegate.m */ = {isa = PBXFileReference; lastKnownFileType = sourcecode.c.objc; path = AppDelegate.m; sourceTree = "<group>"; };
		33EFD6FF22CCC1DA00BC6E85 /* ViewController.h */ = {isa = PBXFileReference; lastKnownFileType = sourcecode.c.h; path = ViewController.h; sourceTree = "<group>"; };
		33EFD70022CCC1DA00BC6E85 /* ViewController.m */ = {isa = PBXFileReference; lastKnownFileType = sourcecode.c.objc; path = ViewController.m; sourceTree = "<group>"; };
		33EFD70322CCC1DA00BC6E85 /* Base */ = {isa = PBXFileReference; lastKnownFileType = file.storyboard; name = Base; path = Base.lproj/Main.storyboard; sourceTree = "<group>"; };
		33EFD70522CCC1DC00BC6E85 /* Assets.xcassets */ = {isa = PBXFileReference; lastKnownFileType = folder.assetcatalog; path = Assets.xcassets; sourceTree = "<group>"; };
		33EFD70822CCC1DC00BC6E85 /* Base */ = {isa = PBXFileReference; lastKnownFileType = file.storyboard; name = Base; path = Base.lproj/LaunchScreen.storyboard; sourceTree = "<group>"; };
		33EFD70A22CCC1DC00BC6E85 /* Info.plist */ = {isa = PBXFileReference; lastKnownFileType = text.plist.xml; path = Info.plist; sourceTree = "<group>"; };
		33EFD70B22CCC1DC00BC6E85 /* main.m */ = {isa = PBXFileReference; lastKnownFileType = sourcecode.c.objc; path = main.m; sourceTree = "<group>"; };
		33EFDA0922CDD80900BC6E85 /* WLNavigationBar.h */ = {isa = PBXFileReference; fileEncoding = 4; lastKnownFileType = sourcecode.c.h; path = WLNavigationBar.h; sourceTree = "<group>"; };
		33EFDA0A22CDD80900BC6E85 /* WLNavigationBar.m */ = {isa = PBXFileReference; fileEncoding = 4; lastKnownFileType = sourcecode.c.objc; path = WLNavigationBar.m; sourceTree = "<group>"; };
		683FE51C7D9CE56D0260DB05 /* libPods-WLCustomNavigationBar.a */ = {isa = PBXFileReference; explicitFileType = archive.ar; includeInIndex = 0; path = "libPods-WLCustomNavigationBar.a"; sourceTree = BUILT_PRODUCTS_DIR; };
		9B1613A0F4D51490B452600B /* Pods-WLCustomNavigationBar.debug.xcconfig */ = {isa = PBXFileReference; includeInIndex = 1; lastKnownFileType = text.xcconfig; name = "Pods-WLCustomNavigationBar.debug.xcconfig"; path = "Target Support Files/Pods-WLCustomNavigationBar/Pods-WLCustomNavigationBar.debug.xcconfig"; sourceTree = "<group>"; };
/* End PBXFileReference section */

/* Begin PBXFrameworksBuildPhase section */
		33EFD6F622CCC1DA00BC6E85 /* Frameworks */ = {
			isa = PBXFrameworksBuildPhase;
			buildActionMask = 2147483647;
			files = (
				B4F649F6F28EBEBF6F69E4BE /* libPods-WLCustomNavigationBar.a in Frameworks */,
			);
			runOnlyForDeploymentPostprocessing = 0;
		};
/* End PBXFrameworksBuildPhase section */

/* Begin PBXGroup section */
		05B221D6C41D92DE738AB9A3 /* Pods */ = {
			isa = PBXGroup;
			children = (
				9B1613A0F4D51490B452600B /* Pods-WLCustomNavigationBar.debug.xcconfig */,
				1A74C84FD8246CBF60C4BAA8 /* Pods-WLCustomNavigationBar.release.xcconfig */,
			);
			name = Pods;
			path = Pods;
			sourceTree = "<group>";
		};
		33EFD6F022CCC1DA00BC6E85 = {
			isa = PBXGroup;
			children = (
				33EFD6FB22CCC1DA00BC6E85 /* WLCustomNavigationBar */,
				33EFD6FA22CCC1DA00BC6E85 /* Products */,
				05B221D6C41D92DE738AB9A3 /* Pods */,
				A86915BB4DE3B78E0DF55DAE /* Frameworks */,
			);
			sourceTree = "<group>";
		};
		33EFD6FA22CCC1DA00BC6E85 /* Products */ = {
			isa = PBXGroup;
			children = (
				33EFD6F922CCC1DA00BC6E85 /* WLCustomNavigationBar.app */,
			);
			name = Products;
			sourceTree = "<group>";
		};
		33EFD6FB22CCC1DA00BC6E85 /* WLCustomNavigationBar */ = {
			isa = PBXGroup;
			children = (
				33EFDA0722CDD80900BC6E85 /* WLNavigationBar */,
				33EFD6FC22CCC1DA00BC6E85 /* AppDelegate.h */,
				33EFD6FD22CCC1DA00BC6E85 /* AppDelegate.m */,
				33EFD6FF22CCC1DA00BC6E85 /* ViewController.h */,
				33EFD70022CCC1DA00BC6E85 /* ViewController.m */,
				33EFD70222CCC1DA00BC6E85 /* Main.storyboard */,
				33EFD70522CCC1DC00BC6E85 /* Assets.xcassets */,
				33EFD70722CCC1DC00BC6E85 /* LaunchScreen.storyboard */,
				33EFD70A22CCC1DC00BC6E85 /* Info.plist */,
				33EFD70B22CCC1DC00BC6E85 /* main.m */,
			);
			path = WLCustomNavigationBar;
			sourceTree = "<group>";
		};
		33EFDA0722CDD80900BC6E85 /* WLNavigationBar */ = {
			isa = PBXGroup;
			children = (
				33EFDA0822CDD80900BC6E85 /* Core */,
			);
			name = WLNavigationBar;
			path = ../../WLNavigationBar;
			sourceTree = "<group>";
		};
		33EFDA0822CDD80900BC6E85 /* Core */ = {
			isa = PBXGroup;
			children = (
				33EFDA0922CDD80900BC6E85 /* WLNavigationBar.h */,
				33EFDA0A22CDD80900BC6E85 /* WLNavigationBar.m */,
			);
			path = Core;
			sourceTree = "<group>";
		};
		A86915BB4DE3B78E0DF55DAE /* Frameworks */ = {
			isa = PBXGroup;
			children = (
				683FE51C7D9CE56D0260DB05 /* libPods-WLCustomNavigationBar.a */,
			);
			name = Frameworks;
			sourceTree = "<group>";
		};
/* End PBXGroup section */

/* Begin PBXNativeTarget section */
		33EFD6F822CCC1DA00BC6E85 /* WLCustomNavigationBar */ = {
			isa = PBXNativeTarget;
			buildConfigurationList = 33EFD70F22CCC1DC00BC6E85 /* Build configuration list for PBXNativeTarget "WLCustomNavigationBar" */;
			buildPhases = (
				59F9A704A4DADCD082FB3DC1 /* [CP] Check Pods Manifest.lock */,
				33EFD6F522CCC1DA00BC6E85 /* Sources */,
				33EFD6F622CCC1DA00BC6E85 /* Frameworks */,
				33EFD6F722CCC1DA00BC6E85 /* Resources */,
			);
			buildRules = (
			);
			dependencies = (
			);
			name = WLCustomNavigationBar;
			productName = WLCustomNavigationBar;
			productReference = 33EFD6F922CCC1DA00BC6E85 /* WLCustomNavigationBar.app */;
			productType = "com.apple.product-type.application";
		};
/* End PBXNativeTarget section */

/* Begin PBXProject section */
		33EFD6F122CCC1DA00BC6E85 /* Project object */ = {
			isa = PBXProject;
			attributes = {
				LastUpgradeCheck = 1020;
				ORGANIZATIONNAME = AllYoga;
				TargetAttributes = {
					33EFD6F822CCC1DA00BC6E85 = {
						CreatedOnToolsVersion = 10.2;
					};
				};
			};
			buildConfigurationList = 33EFD6F422CCC1DA00BC6E85 /* Build configuration list for PBXProject "WLCustomNavigationBar" */;
			compatibilityVersion = "Xcode 9.3";
			developmentRegion = en;
			hasScannedForEncodings = 0;
			knownRegions = (
				en,
				Base,
			);
			mainGroup = 33EFD6F022CCC1DA00BC6E85;
			productRefGroup = 33EFD6FA22CCC1DA00BC6E85 /* Products */;
			projectDirPath = "";
			projectRoot = "";
			targets = (
				33EFD6F822CCC1DA00BC6E85 /* WLCustomNavigationBar */,
			);
		};
/* End PBXProject section */

/* Begin PBXResourcesBuildPhase section */
		33EFD6F722CCC1DA00BC6E85 /* Resources */ = {
			isa = PBXResourcesBuildPhase;
			buildActionMask = 2147483647;
			files = (
				33EFD70922CCC1DC00BC6E85 /* LaunchScreen.storyboard in Resources */,
				33EFD70622CCC1DC00BC6E85 /* Assets.xcassets in Resources */,
				33EFD70422CCC1DA00BC6E85 /* Main.storyboard in Resources */,
			);
			runOnlyForDeploymentPostprocessing = 0;
		};
/* End PBXResourcesBuildPhase section */

/* Begin PBXShellScriptBuildPhase section */
		59F9A704A4DADCD082FB3DC1 /* [CP] Check Pods Manifest.lock */ = {
			isa = PBXShellScriptBuildPhase;
			buildActionMask = 2147483647;
			files = (
			);
			inputFileListPaths = (
			);
			inputPaths = (
				"${PODS_PODFILE_DIR_PATH}/Podfile.lock",
				"${PODS_ROOT}/Manifest.lock",
			);
			name = "[CP] Check Pods Manifest.lock";
			outputFileListPaths = (
			);
			outputPaths = (
				"$(DERIVED_FILE_DIR)/Pods-WLCustomNavigationBar-checkManifestLockResult.txt",
			);
			runOnlyForDeploymentPostprocessing = 0;
			shellPath = /bin/sh;
			shellScript = "diff \"${PODS_PODFILE_DIR_PATH}/Podfile.lock\" \"${PODS_ROOT}/Manifest.lock\" > /dev/null\nif [ $? != 0 ] ; then\n    # print error to STDERR\n    echo \"error: The sandbox is not in sync with the Podfile.lock. Run 'pod install' or update your CocoaPods installation.\" >&2\n    exit 1\nfi\n# This output is used by Xcode 'outputs' to avoid re-running this script phase.\necho \"SUCCESS\" > \"${SCRIPT_OUTPUT_FILE_0}\"\n";
			showEnvVarsInLog = 0;
		};
/* End PBXShellScriptBuildPhase section */

/* Begin PBXSourcesBuildPhase section */
		33EFD6F522CCC1DA00BC6E85 /* Sources */ = {
			isa = PBXSourcesBuildPhase;
			buildActionMask = 2147483647;
			files = (
				33EFDA0B22CDD80900BC6E85 /* WLNavigationBar.m in Sources */,
				33EFD70122CCC1DA00BC6E85 /* ViewController.m in Sources */,
				33EFD70C22CCC1DC00BC6E85 /* main.m in Sources */,
				33EFD6FE22CCC1DA00BC6E85 /* AppDelegate.m in Sources */,
			);
			runOnlyForDeploymentPostprocessing = 0;
		};
/* End PBXSourcesBuildPhase section */

/* Begin PBXVariantGroup section */
		33EFD70222CCC1DA00BC6E85 /* Main.storyboard */ = {
			isa = PBXVariantGroup;
			children = (
				33EFD70322CCC1DA00BC6E85 /* Base */,
			);
			name = Main.storyboard;
			sourceTree = "<group>";
		};
		33EFD70722CCC1DC00BC6E85 /* LaunchScreen.storyboard */ = {
			isa = PBXVariantGroup;
			children = (
				33EFD70822CCC1DC00BC6E85 /* Base */,
			);
			name = LaunchScreen.storyboard;
			sourceTree = "<group>";
		};
/* End PBXVariantGroup section */

/* Begin XCBuildConfiguration section */
		33EFD70D22CCC1DC00BC6E85 /* Debug */ = {
			isa = XCBuildConfiguration;
			buildSettings = {
				ALWAYS_SEARCH_USER_PATHS = NO;
				CLANG_ANALYZER_NONNULL = YES;
				CLANG_ANALYZER_NUMBER_OBJECT_CONVERSION = YES_AGGRESSIVE;
				CLANG_CXX_LANGUAGE_STANDARD = "gnu++14";
				CLANG_CXX_LIBRARY = "libc++";
				CLANG_ENABLE_MODULES = YES;
				CLANG_ENABLE_OBJC_ARC = YES;
				CLANG_ENABLE_OBJC_WEAK = YES;
				CLANG_WARN_BLOCK_CAPTURE_AUTORELEASING = YES;
				CLANG_WARN_BOOL_CONVERSION = YES;
				CLANG_WARN_COMMA = YES;
				CLANG_WARN_CONSTANT_CONVERSION = YES;
				CLANG_WARN_DEPRECATED_OBJC_IMPLEMENTATIONS = YES;
				CLANG_WARN_DIRECT_OBJC_ISA_USAGE = YES_ERROR;
				CLANG_WARN_DOCUMENTATION_COMMENTS = YES;
				CLANG_WARN_EMPTY_BODY = YES;
				CLANG_WARN_ENUM_CONVERSION = YES;
				CLANG_WARN_INFINITE_RECURSION = YES;
				CLANG_WARN_INT_CONVERSION = YES;
				CLANG_WARN_NON_LITERAL_NULL_CONVERSION = YES;
				CLANG_WARN_OBJC_IMPLICIT_RETAIN_SELF = YES;
				CLANG_WARN_OBJC_LITERAL_CONVERSION = YES;
				CLANG_WARN_OBJC_ROOT_CLASS = YES_ERROR;
				CLANG_WARN_RANGE_LOOP_ANALYSIS = YES;
				CLANG_WARN_STRICT_PROTOTYPES = YES;
				CLANG_WARN_SUSPICIOUS_MOVE = YES;
				CLANG_WARN_UNGUARDED_AVAILABILITY = YES_AGGRESSIVE;
				CLANG_WARN_UNREACHABLE_CODE = YES;
				CLANG_WARN__DUPLICATE_METHOD_MATCH = YES;
				CODE_SIGN_IDENTITY = "iPhone Developer";
				COPY_PHASE_STRIP = NO;
				DEBUG_INFORMATION_FORMAT = dwarf;
				ENABLE_STRICT_OBJC_MSGSEND = YES;
				ENABLE_TESTABILITY = YES;
				GCC_C_LANGUAGE_STANDARD = gnu11;
				GCC_DYNAMIC_NO_PIC = NO;
				GCC_NO_COMMON_BLOCKS = YES;
				GCC_OPTIMIZATION_LEVEL = 0;
				GCC_PREPROCESSOR_DEFINITIONS = (
					"DEBUG=1",
					"$(inherited)",
				);
				GCC_WARN_64_TO_32_BIT_CONVERSION = YES;
				GCC_WARN_ABOUT_RETURN_TYPE = YES_ERROR;
				GCC_WARN_UNDECLARED_SELECTOR = YES;
				GCC_WARN_UNINITIALIZED_AUTOS = YES_AGGRESSIVE;
				GCC_WARN_UNUSED_FUNCTION = YES;
				GCC_WARN_UNUSED_VARIABLE = YES;
				IPHONEOS_DEPLOYMENT_TARGET = 12.2;
				MTL_ENABLE_DEBUG_INFO = INCLUDE_SOURCE;
				MTL_FAST_MATH = YES;
				ONLY_ACTIVE_ARCH = YES;
				SDKROOT = iphoneos;
			};
			name = Debug;
		};
		33EFD70E22CCC1DC00BC6E85 /* Release */ = {
			isa = XCBuildConfiguration;
			buildSettings = {
				ALWAYS_SEARCH_USER_PATHS = NO;
				CLANG_ANALYZER_NONNULL = YES;
				CLANG_ANALYZER_NUMBER_OBJECT_CONVERSION = YES_AGGRESSIVE;
				CLANG_CXX_LANGUAGE_STANDARD = "gnu++14";
				CLANG_CXX_LIBRARY = "libc++";
				CLANG_ENABLE_MODULES = YES;
				CLANG_ENABLE_OBJC_ARC = YES;
				CLANG_ENABLE_OBJC_WEAK = YES;
				CLANG_WARN_BLOCK_CAPTURE_AUTORELEASING = YES;
				CLANG_WARN_BOOL_CONVERSION = YES;
				CLANG_WARN_COMMA = YES;
				CLANG_WARN_CONSTANT_CONVERSION = YES;
				CLANG_WARN_DEPRECATED_OBJC_IMPLEMENTATIONS = YES;
				CLANG_WARN_DIRECT_OBJC_ISA_USAGE = YES_ERROR;
				CLANG_WARN_DOCUMENTATION_COMMENTS = YES;
				CLANG_WARN_EMPTY_BODY = YES;
				CLANG_WARN_ENUM_CONVERSION = YES;
				CLANG_WARN_INFINITE_RECURSION = YES;
				CLANG_WARN_INT_CONVERSION = YES;
				CLANG_WARN_NON_LITERAL_NULL_CONVERSION = YES;
				CLANG_WARN_OBJC_IMPLICIT_RETAIN_SELF = YES;
				CLANG_WARN_OBJC_LITERAL_CONVERSION = YES;
				CLANG_WARN_OBJC_ROOT_CLASS = YES_ERROR;
				CLANG_WARN_RANGE_LOOP_ANALYSIS = YES;
				CLANG_WARN_STRICT_PROTOTYPES = YES;
				CLANG_WARN_SUSPICIOUS_MOVE = YES;
				CLANG_WARN_UNGUARDED_AVAILABILITY = YES_AGGRESSIVE;
				CLANG_WARN_UNREACHABLE_CODE = YES;
				CLANG_WARN__DUPLICATE_METHOD_MATCH = YES;
				CODE_SIGN_IDENTITY = "iPhone Developer";
				COPY_PHASE_STRIP = NO;
				DEBUG_INFORMATION_FORMAT = "dwarf-with-dsym";
				ENABLE_NS_ASSERTIONS = NO;
				ENABLE_STRICT_OBJC_MSGSEND = YES;
				GCC_C_LANGUAGE_STANDARD = gnu11;
				GCC_NO_COMMON_BLOCKS = YES;
				GCC_WARN_64_TO_32_BIT_CONVERSION = YES;
				GCC_WARN_ABOUT_RETURN_TYPE = YES_ERROR;
				GCC_WARN_UNDECLARED_SELECTOR = YES;
				GCC_WARN_UNINITIALIZED_AUTOS = YES_AGGRESSIVE;
				GCC_WARN_UNUSED_FUNCTION = YES;
				GCC_WARN_UNUSED_VARIABLE = YES;
				IPHONEOS_DEPLOYMENT_TARGET = 12.2;
				MTL_ENABLE_DEBUG_INFO = NO;
				MTL_FAST_MATH = YES;
				SDKROOT = iphoneos;
				VALIDATE_PRODUCT = YES;
			};
			name = Release;
		};
		33EFD71022CCC1DC00BC6E85 /* Debug */ = {
			isa = XCBuildConfiguration;
			baseConfigurationReference = 9B1613A0F4D51490B452600B /* Pods-WLCustomNavigationBar.debug.xcconfig */;
			buildSettings = {
				ASSETCATALOG_COMPILER_APPICON_NAME = AppIcon;
				CODE_SIGN_STYLE = Automatic;
				DEVELOPMENT_TEAM = YKBW8AGZ9Y;
				INFOPLIST_FILE = WLCustomNavigationBar/Info.plist;
				LD_RUNPATH_SEARCH_PATHS = (
					"$(inherited)",
					"@executable_path/Frameworks",
				);
				PRODUCT_BUNDLE_IDENTIFIER = com.beijing.allyoga.WLCustomNavigationBar;
				PRODUCT_NAME = "$(TARGET_NAME)";
				TARGETED_DEVICE_FAMILY = "1,2";
			};
			name = Debug;
		};
		33EFD71122CCC1DC00BC6E85 /* Release */ = {
			isa = XCBuildConfiguration;
			baseConfigurationReference = 1A74C84FD8246CBF60C4BAA8 /* Pods-WLCustomNavigationBar.release.xcconfig */;
			buildSettings = {
				ASSETCATALOG_COMPILER_APPICON_NAME = AppIcon;
				CODE_SIGN_STYLE = Automatic;
				DEVELOPMENT_TEAM = YKBW8AGZ9Y;
				INFOPLIST_FILE = WLCustomNavigationBar/Info.plist;
				LD_RUNPATH_SEARCH_PATHS = (
					"$(inherited)",
					"@executable_path/Frameworks",
				);
				PRODUCT_BUNDLE_IDENTIFIER = com.beijing.allyoga.WLCustomNavigationBar;
				PRODUCT_NAME = "$(TARGET_NAME)";
				TARGETED_DEVICE_FAMILY = "1,2";
			};
			name = Release;
		};
/* End XCBuildConfiguration section */

/* Begin XCConfigurationList section */
		33EFD6F422CCC1DA00BC6E85 /* Build configuration list for PBXProject "WLCustomNavigationBar" */ = {
			isa = XCConfigurationList;
			buildConfigurations = (
				33EFD70D22CCC1DC00BC6E85 /* Debug */,
				33EFD70E22CCC1DC00BC6E85 /* Release */,
			);
			defaultConfigurationIsVisible = 0;
			defaultConfigurationName = Release;
		};
		33EFD70F22CCC1DC00BC6E85 /* Build configuration list for PBXNativeTarget "WLCustomNavigationBar" */ = {
			isa = XCConfigurationList;
			buildConfigurations = (
				33EFD71022CCC1DC00BC6E85 /* Debug */,
				33EFD71122CCC1DC00BC6E85 /* Release */,
			);
			defaultConfigurationIsVisible = 0;
			defaultConfigurationName = Release;
		};
/* End XCConfigurationList section */
	};
	rootObject = 33EFD6F122CCC1DA00BC6E85 /* Project object */;
}
